
Microsoft Visual Studio Solution File, Format Version 12.00
# Visual Studio Version 17
VisualStudioVersion = 17.1.32228.430
MinimumVisualStudioVersion = 10.0.40219.1
Project("{FAE04EC0-301F-11D3-BF4B-00C04F79EFBC}") = "M2SysAssesment", "M2SysAssesment\M2SysAssesment.csproj", "{3F50C4BC-B9F0-4D5E-8149-9EE2E84F851D}"
EndProject
Global
	GlobalSection(SolutionConfigurationPlatforms) = preSolution
		Debug|Any CPU = Debug|Any CPU
		Release|Any CPU = Release|Any CPU
	EndGlobalSection
	GlobalSection(ProjectConfigurationPlatforms) = postSolution
		{3F50C4BC-B9F0-4D5E-8149-9EE2E84F851D}.Debug|Any CPU.ActiveCfg = Debug|Any CPU
		{3F50C4BC-B9F0-4D5E-8149-9EE2E84F851D}.Debug|Any CPU.Build.0 = Debug|Any CPU
		{3F50C4BC-B9F0-4D5E-8149-9EE2E84F851D}.Release|Any CPU.ActiveCfg = Release|Any CPU
		{3F50C4BC-B9F0-4D5E-8149-9EE2E84F851D}.Release|Any CPU.Build.0 = Release|Any CPU
	EndGlobalSection
	GlobalSection(SolutionProperties) = preSolution
		HideSolutionNode = FALSE
	EndGlobalSection
	GlobalSection(ExtensibilityGlobals) = postSolution
		SolutionGuid = {17620359-DE4C-4721-8F68-17739FF48514}
	EndGlobalSection
EndGlobal
